// !$*UTF8*$!
{
	archiveVersion = 1;
	classes = {
	};
	objectVersion = 48;
	objects = {

/* Begin PBXBuildFile section */
		D828551120406ACD00AAC80E /* NSColor+ChessBoardColor.h in Headers */ = {isa = PBXBuildFile; fileRef = D828550F20406ACD00AAC80E /* NSColor+ChessBoardColor.h */; };
		D828551220406ACD00AAC80E /* NSColor+ChessBoardColor.m in Sources */ = {isa = PBXBuildFile; fileRef = D828551020406ACD00AAC80E /* NSColor+ChessBoardColor.m */; };
		D8D31A3F2042F832005A44AF /* Chess_qlt45.pdf in Resources */ = {isa = PBXBuildFile; fileRef = D8D31A332042F831005A44AF /* Chess_qlt45.pdf */; };
		D8D31A402042F832005A44AF /* Chess_klt45.pdf in Resources */ = {isa = PBXBuildFile; fileRef = D8D31A342042F831005A44AF /* Chess_klt45.pdf */; };
		D8D31A412042F832005A44AF /* Chess_bdt45.pdf in Resources */ = {isa = PBXBuildFile; fileRef = D8D31A352042F831005A44AF /* Chess_bdt45.pdf */; };
		D8D31A422042F832005A44AF /* Chess_pdt45.pdf in Resources */ = {isa = PBXBuildFile; fileRef = D8D31A362042F831005A44AF /* Chess_pdt45.pdf */; };
		D8D31A432042F832005A44AF /* Chess_qdt45.pdf in Resources */ = {isa = PBXBuildFile; fileRef = D8D31A372042F831005A44AF /* Chess_qdt45.pdf */; };
		D8D31A442042F832005A44AF /* Chess_plt45.pdf in Resources */ = {isa = PBXBuildFile; fileRef = D8D31A382042F831005A44AF /* Chess_plt45.pdf */; };
		D8D31A452042F832005A44AF /* Chess_kdt45.pdf in Resources */ = {isa = PBXBuildFile; fileRef = D8D31A392042F831005A44AF /* Chess_kdt45.pdf */; };
		D8D31A462042F832005A44AF /* Chess_blt45.pdf in Resources */ = {isa = PBXBuildFile; fileRef = D8D31A3A2042F831005A44AF /* Chess_blt45.pdf */; };
		D8D31A472042F832005A44AF /* Chess_nlt45.pdf in Resources */ = {isa = PBXBuildFile; fileRef = D8D31A3B2042F831005A44AF /* Chess_nlt45.pdf */; };
		D8D31A482042F832005A44AF /* Chess_rdt45.pdf in Resources */ = {isa = PBXBuildFile; fileRef = D8D31A3C2042F831005A44AF /* Chess_rdt45.pdf */; };
		D8D31A492042F832005A44AF /* Chess_ndt45.pdf in Resources */ = {isa = PBXBuildFile; fileRef = D8D31A3D2042F832005A44AF /* Chess_ndt45.pdf */; };
		D8D31A4A2042F832005A44AF /* Chess_rlt45.pdf in Resources */ = {isa = PBXBuildFile; fileRef = D8D31A3E2042F832005A44AF /* Chess_rlt45.pdf */; };
		D8D31A4F204315E9005A44AF /* ChessBoard.h in Headers */ = {isa = PBXBuildFile; fileRef = D8D31A4D204315E9005A44AF /* ChessBoard.h */; };
		D8D31A50204315E9005A44AF /* ChessBoard.m in Sources */ = {isa = PBXBuildFile; fileRef = D8D31A4E204315E9005A44AF /* ChessBoard.m */; };
		D8D31A5420431BC2005A44AF /* NSColor+BackGroundColor.h in Headers */ = {isa = PBXBuildFile; fileRef = D8D31A5220431BC2005A44AF /* NSColor+BackGroundColor.h */; };
		D8D31A5520431BC2005A44AF /* NSColor+BackGroundColor.m in Sources */ = {isa = PBXBuildFile; fileRef = D8D31A5320431BC2005A44AF /* NSColor+BackGroundColor.m */; };
		D8D31A5F20431EDA005A44AF /* OptionsSheet.xib in Resources */ = {isa = PBXBuildFile; fileRef = D8D31A5E20431EDA005A44AF /* OptionsSheet.xib */; };
		D8FDAA4120402A3900B84225 /* PGNScreensaverView.h in Headers */ = {isa = PBXBuildFile; fileRef = D8FDAA4020402A3900B84225 /* PGNScreensaverView.h */; };
		D8FDAA4320402A3900B84225 /* PGNScreensaverView.m in Sources */ = {isa = PBXBuildFile; fileRef = D8FDAA4220402A3900B84225 /* PGNScreensaverView.m */; };
/* End PBXBuildFile section */

/* Begin PBXFileReference section */
		D8079E192042C71100D683F4 /* get_images.sh */ = {isa = PBXFileReference; lastKnownFileType = text.script.sh; path = get_images.sh; sourceTree = "<group>"; };
		D828550F20406ACD00AAC80E /* NSColor+ChessBoardColor.h */ = {isa = PBXFileReference; lastKnownFileType = sourcecode.c.h; path = "NSColor+ChessBoardColor.h"; sourceTree = "<group>"; };
		D828551020406ACD00AAC80E /* NSColor+ChessBoardColor.m */ = {isa = PBXFileReference; lastKnownFileType = sourcecode.c.objc; path = "NSColor+ChessBoardColor.m"; sourceTree = "<group>"; };
		D871491C20470DEC008C0D3F /* ChessCommonDefines.h */ = {isa = PBXFileReference; lastKnownFileType = sourcecode.c.h; path = ChessCommonDefines.h; sourceTree = "<group>"; };
		D8D31A332042F831005A44AF /* Chess_qlt45.pdf */ = {isa = PBXFileReference; lastKnownFileType = image.pdf; path = Chess_qlt45.pdf; sourceTree = "<group>"; };
		D8D31A342042F831005A44AF /* Chess_klt45.pdf */ = {isa = PBXFileReference; lastKnownFileType = image.pdf; path = Chess_klt45.pdf; sourceTree = "<group>"; };
		D8D31A352042F831005A44AF /* Chess_bdt45.pdf */ = {isa = PBXFileReference; lastKnownFileType = image.pdf; path = Chess_bdt45.pdf; sourceTree = "<group>"; };
		D8D31A362042F831005A44AF /* Chess_pdt45.pdf */ = {isa = PBXFileReference; lastKnownFileType = image.pdf; path = Chess_pdt45.pdf; sourceTree = "<group>"; };
		D8D31A372042F831005A44AF /* Chess_qdt45.pdf */ = {isa = PBXFileReference; lastKnownFileType = image.pdf; path = Chess_qdt45.pdf; sourceTree = "<group>"; };
		D8D31A382042F831005A44AF /* Chess_plt45.pdf */ = {isa = PBXFileReference; lastKnownFileType = image.pdf; path = Chess_plt45.pdf; sourceTree = "<group>"; };
		D8D31A392042F831005A44AF /* Chess_kdt45.pdf */ = {isa = PBXFileReference; lastKnownFileType = image.pdf; path = Chess_kdt45.pdf; sourceTree = "<group>"; };
		D8D31A3A2042F831005A44AF /* Chess_blt45.pdf */ = {isa = PBXFileReference; lastKnownFileType = image.pdf; path = Chess_blt45.pdf; sourceTree = "<group>"; };
		D8D31A3B2042F831005A44AF /* Chess_nlt45.pdf */ = {isa = PBXFileReference; lastKnownFileType = image.pdf; path = Chess_nlt45.pdf; sourceTree = "<group>"; };
		D8D31A3C2042F831005A44AF /* Chess_rdt45.pdf */ = {isa = PBXFileReference; lastKnownFileType = image.pdf; path = Chess_rdt45.pdf; sourceTree = "<group>"; };
		D8D31A3D2042F832005A44AF /* Chess_ndt45.pdf */ = {isa = PBXFileReference; lastKnownFileType = image.pdf; path = Chess_ndt45.pdf; sourceTree = "<group>"; };
		D8D31A3E2042F832005A44AF /* Chess_rlt45.pdf */ = {isa = PBXFileReference; lastKnownFileType = image.pdf; path = Chess_rlt45.pdf; sourceTree = "<group>"; };
		D8D31A4D204315E9005A44AF /* ChessBoard.h */ = {isa = PBXFileReference; lastKnownFileType = sourcecode.c.h; path = ChessBoard.h; sourceTree = "<group>"; };
		D8D31A4E204315E9005A44AF /* ChessBoard.m */ = {isa = PBXFileReference; lastKnownFileType = sourcecode.c.objc; path = ChessBoard.m; sourceTree = "<group>"; };
		D8D31A5220431BC2005A44AF /* NSColor+BackGroundColor.h */ = {isa = PBXFileReference; lastKnownFileType = sourcecode.c.h; path = "NSColor+BackGroundColor.h"; sourceTree = "<group>"; };
		D8D31A5320431BC2005A44AF /* NSColor+BackGroundColor.m */ = {isa = PBXFileReference; lastKnownFileType = sourcecode.c.objc; path = "NSColor+BackGroundColor.m"; sourceTree = "<group>"; };
		D8D31A5E20431EDA005A44AF /* OptionsSheet.xib */ = {isa = PBXFileReference; lastKnownFileType = file.xib; path = OptionsSheet.xib; sourceTree = "<group>"; };
		D8FDAA3D20402A3900B84225 /* PGNScreensaver.saver */ = {isa = PBXFileReference; explicitFileType = wrapper.cfbundle; includeInIndex = 0; path = PGNScreensaver.saver; sourceTree = BUILT_PRODUCTS_DIR; };
		D8FDAA4020402A3900B84225 /* PGNScreensaverView.h */ = {isa = PBXFileReference; lastKnownFileType = sourcecode.c.h; path = PGNScreensaverView.h; sourceTree = "<group>"; };
		D8FDAA4220402A3900B84225 /* PGNScreensaverView.m */ = {isa = PBXFileReference; lastKnownFileType = sourcecode.c.objc; path = PGNScreensaverView.m; sourceTree = "<group>"; };
		D8FDAA4420402A3900B84225 /* Info.plist */ = {isa = PBXFileReference; lastKnownFileType = text.plist.xml; path = Info.plist; sourceTree = "<group>"; };
/* End PBXFileReference section */

/* Begin PBXFrameworksBuildPhase section */
		D8FDAA3920402A3900B84225 /* Frameworks */ = {
			isa = PBXFrameworksBuildPhase;
			buildActionMask = 2147483647;
			files = (
			);
			runOnlyForDeploymentPostprocessing = 0;
		};
/* End PBXFrameworksBuildPhase section */

/* Begin PBXGroup section */
		D8079E162042C6CF00D683F4 /* Resources */ = {
			isa = PBXGroup;
			children = (
				D8D31A5E20431EDA005A44AF /* OptionsSheet.xib */,
				D8D31A5720431D1C005A44AF /* Pieces */,
			);
			path = Resources;
			sourceTree = "<group>";
		};
		D8D31A5120431B91005A44AF /* Colors */ = {
			isa = PBXGroup;
			children = (
				D828550F20406ACD00AAC80E /* NSColor+ChessBoardColor.h */,
				D828551020406ACD00AAC80E /* NSColor+ChessBoardColor.m */,
				D8D31A5220431BC2005A44AF /* NSColor+BackGroundColor.h */,
				D8D31A5320431BC2005A44AF /* NSColor+BackGroundColor.m */,
			);
			path = Colors;
			sourceTree = "<group>";
		};
		D8D31A5720431D1C005A44AF /* Pieces */ = {
			isa = PBXGroup;
			children = (
				D8079E192042C71100D683F4 /* get_images.sh */,
				D8D31A352042F831005A44AF /* Chess_bdt45.pdf */,
				D8D31A3A2042F831005A44AF /* Chess_blt45.pdf */,
				D8D31A392042F831005A44AF /* Chess_kdt45.pdf */,
				D8D31A342042F831005A44AF /* Chess_klt45.pdf */,
				D8D31A3D2042F832005A44AF /* Chess_ndt45.pdf */,
				D8D31A3B2042F831005A44AF /* Chess_nlt45.pdf */,
				D8D31A362042F831005A44AF /* Chess_pdt45.pdf */,
				D8D31A382042F831005A44AF /* Chess_plt45.pdf */,
				D8D31A372042F831005A44AF /* Chess_qdt45.pdf */,
				D8D31A332042F831005A44AF /* Chess_qlt45.pdf */,
				D8D31A3C2042F831005A44AF /* Chess_rdt45.pdf */,
				D8D31A3E2042F832005A44AF /* Chess_rlt45.pdf */,
			);
			path = Pieces;
			sourceTree = "<group>";
		};
		D8FDAA3320402A3900B84225 = {
			isa = PBXGroup;
			children = (
				D8079E162042C6CF00D683F4 /* Resources */,
				D8FDAA3F20402A3900B84225 /* PGNScreensaver */,
				D8FDAA3E20402A3900B84225 /* Products */,
			);
			sourceTree = "<group>";
		};
		D8FDAA3E20402A3900B84225 /* Products */ = {
			isa = PBXGroup;
			children = (
				D8FDAA3D20402A3900B84225 /* PGNScreensaver.saver */,
			);
			name = Products;
			sourceTree = "<group>";
		};
		D8FDAA3F20402A3900B84225 /* PGNScreensaver */ = {
			isa = PBXGroup;
			children = (
				D8D31A5120431B91005A44AF /* Colors */,
				D8FDAA4020402A3900B84225 /* PGNScreensaverView.h */,
				D8FDAA4220402A3900B84225 /* PGNScreensaverView.m */,
				D8FDAA4420402A3900B84225 /* Info.plist */,
				D8D31A4D204315E9005A44AF /* ChessBoard.h */,
				D8D31A4E204315E9005A44AF /* ChessBoard.m */,
				D871491C20470DEC008C0D3F /* ChessCommonDefines.h */,
			);
			path = PGNScreensaver;
			sourceTree = "<group>";
		};
/* End PBXGroup section */

/* Begin PBXHeadersBuildPhase section */
		D8FDAA3A20402A3900B84225 /* Headers */ = {
			isa = PBXHeadersBuildPhase;
			buildActionMask = 2147483647;
			files = (
				D828551120406ACD00AAC80E /* NSColor+ChessBoardColor.h in Headers */,
				D8D31A5420431BC2005A44AF /* NSColor+BackGroundColor.h in Headers */,
				D8D31A4F204315E9005A44AF /* ChessBoard.h in Headers */,
				D8FDAA4120402A3900B84225 /* PGNScreensaverView.h in Headers */,
			);
			runOnlyForDeploymentPostprocessing = 0;
		};
/* End PBXHeadersBuildPhase section */

/* Begin PBXNativeTarget section */
		D8FDAA3C20402A3900B84225 /* PGNScreensaver */ = {
			isa = PBXNativeTarget;
			buildConfigurationList = D8FDAA4720402A3900B84225 /* Build configuration list for PBXNativeTarget "PGNScreensaver" */;
			buildPhases = (
				D8079E1D2042CC6200D683F4 /* ShellScript */,
				D8FDAA3820402A3900B84225 /* Sources */,
				D8FDAA3920402A3900B84225 /* Frameworks */,
				D8FDAA3A20402A3900B84225 /* Headers */,
				D8FDAA3B20402A3900B84225 /* Resources */,
			);
			buildRules = (
			);
			dependencies = (
			);
			name = PGNScreensaver;
			productName = PGNScreensaver;
			productReference = D8FDAA3D20402A3900B84225 /* PGNScreensaver.saver */;
			productType = "com.apple.product-type.bundle";
		};
/* End PBXNativeTarget section */

/* Begin PBXProject section */
		D8FDAA3420402A3900B84225 /* Project object */ = {
			isa = PBXProject;
			attributes = {
				LastUpgradeCheck = 0920;
				ORGANIZATIONNAME = MathPlayer;
				TargetAttributes = {
					D8FDAA3C20402A3900B84225 = {
						CreatedOnToolsVersion = 9.2;
						ProvisioningStyle = Automatic;
					};
				};
			};
			buildConfigurationList = D8FDAA3720402A3900B84225 /* Build configuration list for PBXProject "PGNScreensaver" */;
			compatibilityVersion = "Xcode 8.0";
			developmentRegion = en;
			hasScannedForEncodings = 0;
			knownRegions = (
				en,
			);
			mainGroup = D8FDAA3320402A3900B84225;
			productRefGroup = D8FDAA3E20402A3900B84225 /* Products */;
			projectDirPath = "";
			projectRoot = "";
			targets = (
				D8FDAA3C20402A3900B84225 /* PGNScreensaver */,
			);
		};
/* End PBXProject section */

/* Begin PBXResourcesBuildPhase section */
		D8FDAA3B20402A3900B84225 /* Resources */ = {
			isa = PBXResourcesBuildPhase;
			buildActionMask = 2147483647;
			files = (
				D8D31A402042F832005A44AF /* Chess_klt45.pdf in Resources */,
				D8D31A472042F832005A44AF /* Chess_nlt45.pdf in Resources */,
				D8D31A422042F832005A44AF /* Chess_pdt45.pdf in Resources */,
				D8D31A4A2042F832005A44AF /* Chess_rlt45.pdf in Resources */,
				D8D31A492042F832005A44AF /* Chess_ndt45.pdf in Resources */,
				D8D31A412042F832005A44AF /* Chess_bdt45.pdf in Resources */,
				D8D31A452042F832005A44AF /* Chess_kdt45.pdf in Resources */,
				D8D31A482042F832005A44AF /* Chess_rdt45.pdf in Resources */,
				D8D31A432042F832005A44AF /* Chess_qdt45.pdf in Resources */,
				D8D31A3F2042F832005A44AF /* Chess_qlt45.pdf in Resources */,
				D8D31A442042F832005A44AF /* Chess_plt45.pdf in Resources */,
				D8D31A462042F832005A44AF /* Chess_blt45.pdf in Resources */,
				D8D31A5F20431EDA005A44AF /* OptionsSheet.xib in Resources */,
			);
			runOnlyForDeploymentPostprocessing = 0;
		};
/* End PBXResourcesBuildPhase section */

/* Begin PBXShellScriptBuildPhase section */
		D8079E1D2042CC6200D683F4 /* ShellScript */ = {
			isa = PBXShellScriptBuildPhase;
			buildActionMask = 2147483647;
			files = (
			);
			inputPaths = (
			);
			outputPaths = (
			);
			runOnlyForDeploymentPostprocessing = 0;
			shellPath = /bin/sh;
			shellScript = "exec ${PROJECT_DIR}/Resources/Pieces/get_images.sh";
		};
/* End PBXShellScriptBuildPhase section */

/* Begin PBXSourcesBuildPhase section */
		D8FDAA3820402A3900B84225 /* Sources */ = {
			isa = PBXSourcesBuildPhase;
			buildActionMask = 2147483647;
			files = (
				D8FDAA4320402A3900B84225 /* PGNScreensaverView.m in Sources */,
				D828551220406ACD00AAC80E /* NSColor+ChessBoardColor.m in Sources */,
				D8D31A5520431BC2005A44AF /* NSColor+BackGroundColor.m in Sources */,
				D8D31A50204315E9005A44AF /* ChessBoard.m in Sources */,
			);
			runOnlyForDeploymentPostprocessing = 0;
		};
/* End PBXSourcesBuildPhase section */

/* Begin XCBuildConfiguration section */
		D8FDAA4520402A3900B84225 /* Debug */ = {
			isa = XCBuildConfiguration;
			buildSettings = {
				ALWAYS_SEARCH_USER_PATHS = NO;
				CLANG_ANALYZER_NONNULL = YES;
				CLANG_ANALYZER_NUMBER_OBJECT_CONVERSION = YES_AGGRESSIVE;
				CLANG_CXX_LANGUAGE_STANDARD = "gnu++14";
				CLANG_CXX_LIBRARY = "libc++";
				CLANG_ENABLE_MODULES = YES;
				CLANG_ENABLE_OBJC_ARC = YES;
				CLANG_WARN_BLOCK_CAPTURE_AUTORELEASING = YES;
				CLANG_WARN_BOOL_CONVERSION = YES;
				CLANG_WARN_COMMA = YES;
				CLANG_WARN_CONSTANT_CONVERSION = YES;
				CLANG_WARN_DIRECT_OBJC_ISA_USAGE = YES_ERROR;
				CLANG_WARN_DOCUMENTATION_COMMENTS = YES;
				CLANG_WARN_EMPTY_BODY = YES;
				CLANG_WARN_ENUM_CONVERSION = YES;
				CLANG_WARN_INFINITE_RECURSION = YES;
				CLANG_WARN_INT_CONVERSION = YES;
				CLANG_WARN_NON_LITERAL_NULL_CONVERSION = YES;
				CLANG_WARN_OBJC_LITERAL_CONVERSION = YES;
				CLANG_WARN_OBJC_ROOT_CLASS = YES_ERROR;
				CLANG_WARN_RANGE_LOOP_ANALYSIS = YES;
				CLANG_WARN_STRICT_PROTOTYPES = YES;
				CLANG_WARN_SUSPICIOUS_MOVE = YES;
				CLANG_WARN_UNGUARDED_AVAILABILITY = YES_AGGRESSIVE;
				CLANG_WARN_UNREACHABLE_CODE = YES;
				CLANG_WARN__DUPLICATE_METHOD_MATCH = YES;
				CODE_SIGN_IDENTITY = "-";
				COPY_PHASE_STRIP = NO;
				DEBUG_INFORMATION_FORMAT = dwarf;
				ENABLE_STRICT_OBJC_MSGSEND = YES;
				ENABLE_TESTABILITY = YES;
				GCC_C_LANGUAGE_STANDARD = gnu11;
				GCC_DYNAMIC_NO_PIC = NO;
				GCC_NO_COMMON_BLOCKS = YES;
				GCC_OPTIMIZATION_LEVEL = 0;
				GCC_PREPROCESSOR_DEFINITIONS = (
					"DEBUG=1",
					"$(inherited)",
				);
				GCC_WARN_64_TO_32_BIT_CONVERSION = YES;
				GCC_WARN_ABOUT_RETURN_TYPE = YES_ERROR;
				GCC_WARN_UNDECLARED_SELECTOR = YES;
				GCC_WARN_UNINITIALIZED_AUTOS = YES_AGGRESSIVE;
				GCC_WARN_UNUSED_FUNCTION = YES;
				GCC_WARN_UNUSED_VARIABLE = YES;
				MACOSX_DEPLOYMENT_TARGET = 10.13;
				MTL_ENABLE_DEBUG_INFO = YES;
				ONLY_ACTIVE_ARCH = YES;
				SDKROOT = macosx;
			};
			name = Debug;
		};
		D8FDAA4620402A3900B84225 /* Release */ = {
			isa = XCBuildConfiguration;
			buildSettings = {
				ALWAYS_SEARCH_USER_PATHS = NO;
				CLANG_ANALYZER_NONNULL = YES;
				CLANG_ANALYZER_NUMBER_OBJECT_CONVERSION = YES_AGGRESSIVE;
				CLANG_CXX_LANGUAGE_STANDARD = "gnu++14";
				CLANG_CXX_LIBRARY = "libc++";
				CLANG_ENABLE_MODULES = YES;
				CLANG_ENABLE_OBJC_ARC = YES;
				CLANG_WARN_BLOCK_CAPTURE_AUTORELEASING = YES;
				CLANG_WARN_BOOL_CONVERSION = YES;
				CLANG_WARN_COMMA = YES;
				CLANG_WARN_CONSTANT_CONVERSION = YES;
				CLANG_WARN_DIRECT_OBJC_ISA_USAGE = YES_ERROR;
				CLANG_WARN_DOCUMENTATION_COMMENTS = YES;
				CLANG_WARN_EMPTY_BODY = YES;
				CLANG_WARN_ENUM_CONVERSION = YES;
				CLANG_WARN_INFINITE_RECURSION = YES;
				CLANG_WARN_INT_CONVERSION = YES;
				CLANG_WARN_NON_LITERAL_NULL_CONVERSION = YES;
				CLANG_WARN_OBJC_LITERAL_CONVERSION = YES;
				CLANG_WARN_OBJC_ROOT_CLASS = YES_ERROR;
				CLANG_WARN_RANGE_LOOP_ANALYSIS = YES;
				CLANG_WARN_STRICT_PROTOTYPES = YES;
				CLANG_WARN_SUSPICIOUS_MOVE = YES;
				CLANG_WARN_UNGUARDED_AVAILABILITY = YES_AGGRESSIVE;
				CLANG_WARN_UNREACHABLE_CODE = YES;
				CLANG_WARN__DUPLICATE_METHOD_MATCH = YES;
				CODE_SIGN_IDENTITY = "-";
				COPY_PHASE_STRIP = NO;
				DEBUG_INFORMATION_FORMAT = "dwarf-with-dsym";
				ENABLE_NS_ASSERTIONS = NO;
				ENABLE_STRICT_OBJC_MSGSEND = YES;
				GCC_C_LANGUAGE_STANDARD = gnu11;
				GCC_NO_COMMON_BLOCKS = YES;
				GCC_WARN_64_TO_32_BIT_CONVERSION = YES;
				GCC_WARN_ABOUT_RETURN_TYPE = YES_ERROR;
				GCC_WARN_UNDECLARED_SELECTOR = YES;
				GCC_WARN_UNINITIALIZED_AUTOS = YES_AGGRESSIVE;
				GCC_WARN_UNUSED_FUNCTION = YES;
				GCC_WARN_UNUSED_VARIABLE = YES;
				MACOSX_DEPLOYMENT_TARGET = 10.13;
				MTL_ENABLE_DEBUG_INFO = NO;
				SDKROOT = macosx;
			};
			name = Release;
		};
		D8FDAA4820402A3900B84225 /* Debug */ = {
			isa = XCBuildConfiguration;
			buildSettings = {
				CODE_SIGN_STYLE = Automatic;
				COMBINE_HIDPI_IMAGES = YES;
				INFOPLIST_FILE = PGNScreensaver/Info.plist;
				INSTALL_PATH = "$(HOME)/Library/Screen Savers";
				PRODUCT_BUNDLE_IDENTIFIER = com.mathplayer.PGNScreensaver;
				PRODUCT_NAME = "$(TARGET_NAME)";
				WRAPPER_EXTENSION = saver;
			};
			name = Debug;
		};
		D8FDAA4920402A3900B84225 /* Release */ = {
			isa = XCBuildConfiguration;
			buildSettings = {
				CODE_SIGN_STYLE = Automatic;
				COMBINE_HIDPI_IMAGES = YES;
				INFOPLIST_FILE = PGNScreensaver/Info.plist;
				INSTALL_PATH = "$(HOME)/Library/Screen Savers";
				PRODUCT_BUNDLE_IDENTIFIER = com.mathplayer.PGNScreensaver;
				PRODUCT_NAME = "$(TARGET_NAME)";
				WRAPPER_EXTENSION = saver;
			};
			name = Release;
		};
/* End XCBuildConfiguration section */

/* Begin XCConfigurationList section */
		D8FDAA3720402A3900B84225 /* Build configuration list for PBXProject "PGNScreensaver" */ = {
			isa = XCConfigurationList;
			buildConfigurations = (
				D8FDAA4520402A3900B84225 /* Debug */,
				D8FDAA4620402A3900B84225 /* Release */,
			);
			defaultConfigurationIsVisible = 0;
			defaultConfigurationName = Release;
		};
		D8FDAA4720402A3900B84225 /* Build configuration list for PBXNativeTarget "PGNScreensaver" */ = {
			isa = XCConfigurationList;
			buildConfigurations = (
				D8FDAA4820402A3900B84225 /* Debug */,
				D8FDAA4920402A3900B84225 /* Release */,
			);
			defaultConfigurationIsVisible = 0;
			defaultConfigurationName = Release;
		};
/* End XCConfigurationList section */
	};
	rootObject = D8FDAA3420402A3900B84225 /* Project object */;
}
